
Microsoft Visual Studio Solution File, Format Version 12.00
# Visual Studio Version 16
VisualStudioVersion = 16.0.30907.101
MinimumVisualStudioVersion = 10.0.40219.1
Project("{9A19103F-16F7-4668-BE54-9A1E7A4F7556}") = "DiffingAPI", "DiffingAPI\DiffingAPI.csproj", "{B65744DE-E410-4A62-B144-BFE28F873409}"
EndProject
Project("{9A19103F-16F7-4668-BE54-9A1E7A4F7556}") = "DiffLibrary", "DiffLibrary\DiffLibrary.csproj", "{F8411017-D24C-4656-BF19-D80BAF614A14}"
EndProject
Project("{9A19103F-16F7-4668-BE54-9A1E7A4F7556}") = "DiffUI", "DiffUI\DiffUI.csproj", "{78B9585B-BE32-4A50-A473-DF204C8693F7}"
EndProject
Project("{FAE04EC0-301F-11D3-BF4B-00C04F79EFBC}") = "TestDiffingAPI", "TestDiffingAPI\TestDiffingAPI.csproj", "{7A4EF23C-D433-4745-B0E7-9D27824D4ADC}"
EndProject
Global
	GlobalSection(SolutionConfigurationPlatforms) = preSolution
		Debug|Any CPU = Debug|Any CPU
		Release|Any CPU = Release|Any CPU
	EndGlobalSection
	GlobalSection(ProjectConfigurationPlatforms) = postSolution
		{B65744DE-E410-4A62-B144-BFE28F873409}.Debug|Any CPU.ActiveCfg = Debug|Any CPU
		{B65744DE-E410-4A62-B144-BFE28F873409}.Debug|Any CPU.Build.0 = Debug|Any CPU
		{B65744DE-E410-4A62-B144-BFE28F873409}.Release|Any CPU.ActiveCfg = Release|Any CPU
		{B65744DE-E410-4A62-B144-BFE28F873409}.Release|Any CPU.Build.0 = Release|Any CPU
		{F8411017-D24C-4656-BF19-D80BAF614A14}.Debug|Any CPU.ActiveCfg = Debug|Any CPU
		{F8411017-D24C-4656-BF19-D80BAF614A14}.Debug|Any CPU.Build.0 = Debug|Any CPU
		{F8411017-D24C-4656-BF19-D80BAF614A14}.Release|Any CPU.ActiveCfg = Release|Any CPU
		{F8411017-D24C-4656-BF19-D80BAF614A14}.Release|Any CPU.Build.0 = Release|Any CPU
		{78B9585B-BE32-4A50-A473-DF204C8693F7}.Debug|Any CPU.ActiveCfg = Debug|Any CPU
		{78B9585B-BE32-4A50-A473-DF204C8693F7}.Debug|Any CPU.Build.0 = Debug|Any CPU
		{78B9585B-BE32-4A50-A473-DF204C8693F7}.Release|Any CPU.ActiveCfg = Release|Any CPU
		{78B9585B-BE32-4A50-A473-DF204C8693F7}.Release|Any CPU.Build.0 = Release|Any CPU
		{7A4EF23C-D433-4745-B0E7-9D27824D4ADC}.Debug|Any CPU.ActiveCfg = Debug|Any CPU
		{7A4EF23C-D433-4745-B0E7-9D27824D4ADC}.Debug|Any CPU.Build.0 = Debug|Any CPU
		{7A4EF23C-D433-4745-B0E7-9D27824D4ADC}.Release|Any CPU.ActiveCfg = Release|Any CPU
		{7A4EF23C-D433-4745-B0E7-9D27824D4ADC}.Release|Any CPU.Build.0 = Release|Any CPU
	EndGlobalSection
	GlobalSection(SolutionProperties) = preSolution
		HideSolutionNode = FALSE
	EndGlobalSection
	GlobalSection(ExtensibilityGlobals) = postSolution
		SolutionGuid = {DBFA2DBD-551A-4600-9820-61957FB45507}
	EndGlobalSection
EndGlobal
